# This file is automatically @generated by Cargo.
# It is not intended for manual editing.
version = 4

[[package]]
name = "anyhow"
version = "1.0.102"
source = "registry+https://github.com/rust-lang/crates.io-index"
checksum = "7f202df86484c868dbad7eaa557ef785d5c66295e41b460ef922eca0723b842c"

[[package]]
name = "fluent"
version = "0.1.0"
dependencies = [
 "anyhow",
 "input-event-codes",
 "libc",
]

[[package]]
name = "input-event-codes"
version = "6.2.0"
source = "registry+https://github.com/rust-lang/crates.io-index"
checksum = "d437b85b6856c30525a380e2de28d630cd2f03b4eec8e8a043d71d7e223792dd"

[[package]]
name = "libc"
version = "0.2.182"
source = "registry+https://github.com/rust-lang/crates.io-index"
checksum = "6800badb6cb2082ffd7b6a67e6125bb39f18782f793520caee8cb8846be06112"
